
Microsoft Visual Studio Solution File, Format Version 12.00
# Visual Studio Version 16
VisualStudioVersion = 16.0.33130.400
MinimumVisualStudioVersion = 10.0.40219.1
Project("{9A19103F-16F7-4668-BE54-9A1E7A4F7556}") = "WebApplication2", "WebApplication2\WebApplication2.csproj", "{BF23F3F9-87A1-4464-8E08-AFD3E25433E5}"
EndProject
Global
	GlobalSection(SolutionConfigurationPlatforms) = preSolution
		Debug|Any CPU = Debug|Any CPU
		Release|Any CPU = Release|Any CPU
	EndGlobalSection
	GlobalSection(ProjectConfigurationPlatforms) = postSolution
		{BF23F3F9-87A1-4464-8E08-AFD3E25433E5}.Debug|Any CPU.ActiveCfg = Debug|Any CPU
		{BF23F3F9-87A1-4464-8E08-AFD3E25433E5}.Debug|Any CPU.Build.0 = Debug|Any CPU
		{BF23F3F9-87A1-4464-8E08-AFD3E25433E5}.Release|Any CPU.ActiveCfg = Release|Any CPU
		{BF23F3F9-87A1-4464-8E08-AFD3E25433E5}.Release|Any CPU.Build.0 = Release|Any CPU
	EndGlobalSection
	GlobalSection(SolutionProperties) = preSolution
		HideSolutionNode = FALSE
	EndGlobalSection
	GlobalSection(ExtensibilityGlobals) = postSolution
		SolutionGuid = {CCC9762E-D096-49B4-BEB3-844C3F8319CF}
	EndGlobalSection
EndGlobal
